#MicroXplorer Configuration settings - do not modify
ADC1.Channel-0\#ChannelRegularConversion=ADC_CHANNEL_VREFINT
ADC1.Channel-10\#ChannelRegularConversion=ADC_CHANNEL_VREFINT
ADC1.ClockPrescaler=ADC_CLOCK_ASYNC_DIV2
ADC1.CommonPathInternal=ADC_CHANNEL_VREFINT|null|null|null
ADC1.ContinuousConvMode=DISABLE
ADC1.ConversionDataManagement=ADC_CONVERSIONDATA_DMA_ONESHOT
ADC1.DiscontinuousConvMode=DISABLE
ADC1.EOCSelection=ADC_EOC_SINGLE_CONV
ADC1.EnableInjectedConversion=DISABLE
ADC1.EnableRegularConversion=ENABLE
ADC1.ExternalTrigConv=ADC_EXTERNALTRIG_T6_TRGO
ADC1.IPParameters=NbrOfConversion,ClockPrescaler,Resolution,DiscontinuousConvMode,EnableRegularConversion,Rank-0\#ChannelRegularConversion,Channel-0\#ChannelRegularConversion,SamplingTime-0\#ChannelRegularConversion,OffsetNumber-0\#ChannelRegularConversion,MonitoredBy-0\#ChannelRegularConversion,NbrOfConversionFlag,EnableInjectedConversion,ContinuousConvMode,ConversionDataManagement,Rank-10\#ChannelRegularConversion,Channel-10\#ChannelRegularConversion,SamplingTime-10\#ChannelRegularConversion,OffsetNumber-10\#ChannelRegularConversion,MonitoredBy-10\#ChannelRegularConversion,master,ExternalTrigConv,EOCSelection,CommonPathInternal
ADC1.MonitoredBy-0\#ChannelRegularConversion=__NULL
ADC1.MonitoredBy-10\#ChannelRegularConversion=__NULL
ADC1.NbrOfConversion=2
ADC1.NbrOfConversionFlag=1
ADC1.OffsetNumber-0\#ChannelRegularConversion=ADC_OFFSET_NONE
ADC1.OffsetNumber-10\#ChannelRegularConversion=ADC_OFFSET_NONE
ADC1.Rank-0\#ChannelRegularConversion=1
ADC1.Rank-10\#ChannelRegularConversion=2
ADC1.Resolution=ADC_RESOLUTION_12B
ADC1.SamplingTime-0\#ChannelRegularConversion=ADC_SAMPLETIME_5CYCLE
ADC1.SamplingTime-10\#ChannelRegularConversion=ADC_SAMPLETIME_5CYCLE
ADC1.master=1
ADC4.Channel1=true
ADC4.Channell1=false
ADC4.ClockPrescaler=ADC_CLOCK_ASYNC_DIV2
ADC4.CommonPathInternal=ADC_CHANNEL_VREFINT|null|null|null
ADC4.ContinuousConvMode=DISABLE
ADC4.EOCSelection=ADC_EOC_SINGLE_CONV
ADC4.ExternalTrigConv=ADC4_EXTERNALTRIG_T15_TRGO
ADC4.IPParameters=NbrOfConversionFlag,NbrOfConversion,Channel1,Channell1,SamplingTimeCommon1,SamplingTimeCommon2,ContinuousConvMode,ClockPrescaler,SelectedChannel,ExternalTrigConv,EOCSelection,CommonPathInternal
ADC4.NbrOfConversion=1
ADC4.NbrOfConversionFlag=0
ADC4.SamplingTimeCommon1=ADC4_SAMPLETIME_7CYCLES_5
ADC4.SamplingTimeCommon2=ADC4_SAMPLETIME_1CYCLE_5
ADC4.SelectedChannel=ADC_CHANNEL_VREFINT
CAD.formats=
CAD.pinconfig=
CAD.provider=
CORTEX_M33_NS.userName=CORTEX_M33
CRC.CRCLength=CRC_POLYLENGTH_16B
CRC.DefaultInitValueUse=DEFAULT_INIT_VALUE_DISABLE
CRC.DefaultPolynomialUse=DEFAULT_POLYNOMIAL_DISABLE
CRC.GeneratingPolynomial=X12+X5+X0
CRC.IPParameters=DefaultInitValueUse,DefaultPolynomialUse,CRCLength,GeneratingPolynomial,InitValue
CRC.InitValue=0xFFFF
File.Version=6
GPDMA1.CIRCULARMODE_GPDMACH0=DISABLE
GPDMA1.CIRCULARMODE_GPDMACH1=DISABLE
GPDMA1.DESTDATAWIDTH_GPDMACH0=DMA_DEST_DATAWIDTH_WORD
GPDMA1.DESTDATAWIDTH_GPDMACH1=DMA_DEST_DATAWIDTH_WORD
GPDMA1.DESTINC_GPDMACH0=DMA_DINC_INCREMENTED
GPDMA1.DESTINC_GPDMACH1=DMA_DINC_INCREMENTED
GPDMA1.IPHANDLE_GPDMACH0-SIMPLEREQUEST_GPDMACH0=__NULL
GPDMA1.IPHANDLE_GPDMACH1-SIMPLEREQUEST_GPDMACH1=__NULL
GPDMA1.IPParameters=CIRCULARMODE_GPDMACH0,REQUEST_GPDMACH0,SRCDATAWIDTH_GPDMACH0,DESTINC_GPDMACH0,DESTDATAWIDTH_GPDMACH0,IPHANDLE_GPDMACH0-SIMPLEREQUEST_GPDMACH0,CIRCULARMODE_GPDMACH1,LINKALLOCATEDPORT_CIRCULAR_GPDMACH1,IPHANDLE_GPDMACH1-SIMPLEREQUEST_GPDMACH1,REQUEST_GPDMACH1,SRCDATAWIDTH_GPDMACH1,TRANSFERALLOCATEDPORTSRC_GPDMACH1,DESTINC_GPDMACH1,DESTDATAWIDTH_GPDMACH1,TRANSFERALLOCATEDPORTDEST_GPDMACH1
GPDMA1.LINKALLOCATEDPORT_CIRCULAR_GPDMACH1=DMA_LINK_ALLOCATED_PORT1
GPDMA1.REQUEST_GPDMACH0=GPDMA1_REQUEST_ADC1
GPDMA1.REQUEST_GPDMACH1=GPDMA1_REQUEST_ADC4
GPDMA1.SRCDATAWIDTH_GPDMACH0=DMA_SRC_DATAWIDTH_WORD
GPDMA1.SRCDATAWIDTH_GPDMACH1=DMA_SRC_DATAWIDTH_WORD
GPDMA1.TRANSFERALLOCATEDPORTDEST_GPDMACH1=DMA_DEST_ALLOCATED_PORT1
GPDMA1.TRANSFERALLOCATEDPORTSRC_GPDMACH1=DMA_SRC_ALLOCATED_PORT1
GPIO.groupedBy=Expand Peripherals
HASH.DataType=HASH_DATATYPE_8B
HASH.IPParameters=SecureHashAlgorithmType,DataType
HASH.SecureHashAlgorithmType=SHA256
I2C2.I2C_Speed_Mode=I2C_Fast
I2C2.IPParameters=Timing,I2C_Speed_Mode
I2C2.Timing=0x00F07BFF
I2C3.I2C_Coeff_DF=0
I2C3.I2C_Speed_Mode=I2C_Fast
I2C3.IPParameters=Timing,I2C_Speed_Mode,I2C_Coeff_DF
I2C3.Timing=0x00F07BFF
IWDG.EWI=100
IWDG.IPParameters=Prescaler,Window,Reload,EWI
IWDG.Prescaler=IWDG_PRESCALER_32
IWDG.Reload=1000
IWDG.Window=4095
KeepUserPlacement=false
LPTIM1.ClockPrescaler=LPTIM_PRESCALER_DIV128
LPTIM1.IPParameters=ClockPrescaler,Period,RepetitionCounter,UpdateMode
LPTIM1.Period=60*256
LPTIM1.RepetitionCounter=60-1
LPTIM1.UpdateMode=LPTIM_UPDATE_ENDOFPERIOD
LPTIM2.ClockPrescaler=LPTIM_PRESCALER_DIV128
LPTIM2.IPParameters=ClockPrescaler,Period,RepetitionCounter,UpdateMode
LPTIM2.Period=1*256
LPTIM2.RepetitionCounter=1-1
LPTIM2.UpdateMode=LPTIM_UPDATE_ENDOFPERIOD
LPTIM3.ClockPrescaler=LPTIM_PRESCALER_DIV128
LPTIM3.IPParameters=ClockPrescaler,Period,RepetitionCounter
LPTIM3.Period=60*256
LPTIM3.RepetitionCounter=1-1
LPTIM4.ClockPrescaler=LPTIM_PRESCALER_DIV128
LPTIM4.IPParameters=ClockPrescaler,Period,RepetitionCounter
LPTIM4.Period=256/2
LPTIM4.RepetitionCounter=1-1
MMTAppReg1.MEMORYMAP.AP=RW_priv_only
MMTAppReg1.MEMORYMAP.AppRegionName=RAM
MMTAppReg1.MEMORYMAP.ContextName=CortexM33
MMTAppReg1.MEMORYMAP.CoreName=ARM Cortex-M33
MMTAppReg1.MEMORYMAP.DefaultDataRegion=true
MMTAppReg1.MEMORYMAP.IPParameters=StartAddress,Size,CoreName,DefaultDataRegion,ContextName,Name,AP
MMTAppReg1.MEMORYMAP.Name=RAM
MMTAppReg1.MEMORYMAP.Size=786432
MMTAppReg1.MEMORYMAP.StartAddress=0x20000000
MMTAppReg2.MEMORYMAP.AppRegionName=RAM Reserved Alias Region
MMTAppReg2.MEMORYMAP.CoreName=ARM Cortex-M33
MMTAppReg2.MEMORYMAP.DefaultDataRegion=false
MMTAppReg2.MEMORYMAP.IPParameters=StartAddress,Size,CoreName,DefaultDataRegion,ReservedRegion,Name
MMTAppReg2.MEMORYMAP.Name=RAM Reserved Alias Region
MMTAppReg2.MEMORYMAP.ReservedRegion=true
MMTAppReg2.MEMORYMAP.Size=786432
MMTAppReg2.MEMORYMAP.StartAddress=0x0A000000
MMTAppReg3.MEMORYMAP.AP=RO_priv_only
MMTAppReg3.MEMORYMAP.AppRegionName=FLASH
MMTAppReg3.MEMORYMAP.Cacheability=WTRA
MMTAppReg3.MEMORYMAP.ContextName=CortexM33
MMTAppReg3.MEMORYMAP.CoreName=ARM Cortex-M33
MMTAppReg3.MEMORYMAP.DefaultCodeRegion=true
MMTAppReg3.MEMORYMAP.DefaultDataRegion=false
MMTAppReg3.MEMORYMAP.IPParameters=StartAddress,Size,CoreName,DefaultDataRegion,MemType,ContextName,Name,AP,Cacheability,DefaultCodeRegion
MMTAppReg3.MEMORYMAP.MemType=ROM
MMTAppReg3.MEMORYMAP.Name=FLASH
MMTAppReg3.MEMORYMAP.Size=2097152
MMTAppReg3.MEMORYMAP.StartAddress=0x08000000
MMTAppRegionsCount=3
MMTConfigApplied=false
Mcu.CPN=STM32U585QII6Q
Mcu.ContextProject=TrustZoneDisabled
Mcu.Family=STM32U5
Mcu.IP0=ADC1
Mcu.IP1=ADC4
Mcu.IP10=IWDG
Mcu.IP11=LPBAM
Mcu.IP12=LPBAMQUEUE
Mcu.IP13=LPTIM1
Mcu.IP14=LPTIM2
Mcu.IP15=LPTIM3
Mcu.IP16=LPTIM4
Mcu.IP17=MEMORYMAP
Mcu.IP18=NVIC
Mcu.IP19=PKA
Mcu.IP2=CORTEX_M33_NS
Mcu.IP20=PWR
Mcu.IP21=RCC
Mcu.IP22=RNG
Mcu.IP23=RTC
Mcu.IP24=SPI1
Mcu.IP25=SYS
Mcu.IP26=TIM3
Mcu.IP27=TIM4
Mcu.IP28=TIM5
Mcu.IP29=TIM6
Mcu.IP3=CRC
Mcu.IP30=TIM15
Mcu.IP31=USART1
Mcu.IP32=VREFBUF
Mcu.IP4=DEBUG
Mcu.IP5=GPDMA1
Mcu.IP6=HASH
Mcu.IP7=I2C2
Mcu.IP8=I2C3
Mcu.IP9=ICACHE
Mcu.IPNb=33
Mcu.Name=STM32U585QIIxQ
Mcu.Package=UFBGA132
Mcu.Pin0=PE5
Mcu.Pin1=PE3
Mcu.Pin10=PA15 (JTDI)
Mcu.Pin100=VP_GPDMA1_VS_GPDMACH1
Mcu.Pin101=VP_HASH_VS_HASH
Mcu.Pin102=VP_ICACHE_VS_ICACHE
Mcu.Pin103=VP_IWDG_VS_IWDG
Mcu.Pin104=VP_LPBAMQUEUE_VS_QUEUE
Mcu.Pin105=VP_LPTIM1_VS_LPTIM_counterModeInternalClock
Mcu.Pin106=VP_LPTIM2_VS_LPTIM_counterModeInternalClock
Mcu.Pin107=VP_LPTIM3_VS_LPTIM_counterModeInternalClock
Mcu.Pin108=VP_LPTIM4_VS_LPTIM_counterModeInternalClock
Mcu.Pin109=VP_PKA_VS_PKA
Mcu.Pin11=PE4
Mcu.Pin110=VP_PWR_VS_DBSignals
Mcu.Pin111=VP_PWR_VS_SECSignals
Mcu.Pin112=VP_PWR_VS_LPOM
Mcu.Pin113=VP_PWR_Vdda
Mcu.Pin114=VP_RNG_VS_RNG
Mcu.Pin115=VP_RTC_VS_RTC_Activate
Mcu.Pin116=VP_RTC_VS_RTC_Calendar
Mcu.Pin117=VP_RTC_VS_RTC_WakeUp_intern
Mcu.Pin118=VP_SYS_VS_Systick
Mcu.Pin119=VP_TIM3_VS_ClockSourceINT
Mcu.Pin12=PE2
Mcu.Pin120=VP_TIM3_VS_no_output2
Mcu.Pin121=VP_TIM4_VS_ClockSourceINT
Mcu.Pin122=VP_TIM4_VS_no_output1
Mcu.Pin123=VP_TIM4_VS_no_output2
Mcu.Pin124=VP_TIM5_VS_ClockSourceINT
Mcu.Pin125=VP_TIM5_VS_no_output1
Mcu.Pin126=VP_TIM5_VS_no_output2
Mcu.Pin127=VP_TIM6_VS_ClockSourceINT
Mcu.Pin128=VP_TIM15_VS_ClockSourceINT
Mcu.Pin129=VP_VREFBUF_V_VREFBUF
Mcu.Pin13=PB4 (NJTRST)
Mcu.Pin130=VP_LPBAM_VS_SIG1
Mcu.Pin131=VP_LPBAM_VS_SIG4
Mcu.Pin132=VP_MEMORYMAP_VS_MEMORYMAP
Mcu.Pin14=PG9
Mcu.Pin15=PD4
Mcu.Pin16=PD1
Mcu.Pin17=PC12
Mcu.Pin18=PC10
Mcu.Pin19=PA12
Mcu.Pin2=PE1
Mcu.Pin20=PC14-OSC32_IN (PC14)
Mcu.Pin21=PE6
Mcu.Pin22=PC13
Mcu.Pin23=PB8
Mcu.Pin24=PB3 (JTDO/TRACESWO)
Mcu.Pin25=PG10
Mcu.Pin26=PD3
Mcu.Pin27=PD0
Mcu.Pin28=PA13 (JTMS/SWDIO)
Mcu.Pin29=PA14 (JTCK/SWCLK)
Mcu.Pin3=PB9
Mcu.Pin30=PA11
Mcu.Pin31=PC15-OSC32_OUT (PC15)
Mcu.Pin32=PF0
Mcu.Pin33=PF3
Mcu.Pin34=PB5
Mcu.Pin35=PD7
Mcu.Pin36=PA9
Mcu.Pin37=PA10
Mcu.Pin38=PA8
Mcu.Pin39=PF2
Mcu.Pin4=PB6
Mcu.Pin40=PF1
Mcu.Pin41=PF4
Mcu.Pin42=PC7
Mcu.Pin43=PC9
Mcu.Pin44=PC8
Mcu.Pin45=PH0-OSC_IN (PH0)
Mcu.Pin46=PC2
Mcu.Pin47=PG6
Mcu.Pin48=PG7
Mcu.Pin49=PC6
Mcu.Pin5=PG12
Mcu.Pin50=PG8
Mcu.Pin51=PH1-OSC_OUT (PH1)
Mcu.Pin52=PC1
Mcu.Pin53=PA1
Mcu.Pin54=PG4
Mcu.Pin55=PG2
Mcu.Pin56=PG5
Mcu.Pin57=PC0
Mcu.Pin58=PD13
Mcu.Pin59=VREF+
Mcu.Pin6=PD6
Mcu.Pin60=PA0
Mcu.Pin61=PC5
Mcu.Pin62=PF14
Mcu.Pin63=PE8
Mcu.Pin64=PE10
Mcu.Pin65=PE12
Mcu.Pin66=PD9
Mcu.Pin67=PD11
Mcu.Pin68=PD12
Mcu.Pin69=PA2
Mcu.Pin7=PD5
Mcu.Pin70=PA7
Mcu.Pin71=PB2
Mcu.Pin72=PG1
Mcu.Pin73=PE7
Mcu.Pin74=PE14
Mcu.Pin75=PB10
Mcu.Pin76=PB13
Mcu.Pin77=PB14
Mcu.Pin78=PB15
Mcu.Pin79=PA3
Mcu.Pin8=PD2
Mcu.Pin80=PA6
Mcu.Pin81=PA4
Mcu.Pin82=PB1
Mcu.Pin83=PF15
Mcu.Pin84=PE11
Mcu.Pin85=PE15
Mcu.Pin86=PB11
Mcu.Pin87=PB12
Mcu.Pin88=PD8
Mcu.Pin89=PA5
Mcu.Pin9=PC11
Mcu.Pin90=PC4
Mcu.Pin91=PB0
Mcu.Pin92=PG0
Mcu.Pin93=PE9
Mcu.Pin94=PE13
Mcu.Pin95=PD10
Mcu.Pin96=VP_ADC1_Vref_Input
Mcu.Pin97=VP_ADC4_Vref_Input
Mcu.Pin98=VP_CRC_VS_CRC
Mcu.Pin99=VP_GPDMA1_VS_GPDMACH0
Mcu.PinsNb=133
Mcu.ThirdPartyNb=0
Mcu.UserConstants=
Mcu.UserName=STM32U585QIIxQ
MxCube.Version=6.13.0
MxDb.Version=DB.6.0.130
NVIC.ADC1_IRQn=true\:0\:0\:false\:false\:true\:true\:true\:true
NVIC.ADC4_IRQn=true\:0\:0\:false\:false\:true\:true\:true\:true
NVIC.BusFault_IRQn=true\:0\:0\:false\:false\:true\:false\:false\:false
NVIC.DebugMonitor_IRQn=true\:0\:0\:false\:false\:true\:false\:false\:false
NVIC.EXTI3_IRQn=true\:0\:0\:false\:false\:true\:true\:true\:true
NVIC.ForceEnableDMAVector=true
NVIC.GPDMA1_Channel0_IRQn=true\:0\:0\:false\:false\:true\:false\:true\:true
NVIC.GPDMA1_Channel1_IRQn=true\:0\:0\:false\:false\:true\:false\:true\:true
NVIC.HASH_IRQn=true\:0\:0\:false\:false\:true\:true\:true\:true
NVIC.HardFault_IRQn=true\:0\:0\:false\:false\:true\:false\:false\:false
NVIC.I2C2_ER_IRQn=true\:0\:0\:false\:false\:true\:true\:true\:true
NVIC.I2C2_EV_IRQn=true\:0\:0\:false\:false\:true\:true\:true\:true
NVIC.I2C3_ER_IRQn=true\:0\:0\:false\:false\:true\:true\:true\:true
NVIC.I2C3_EV_IRQn=true\:0\:0\:false\:false\:true\:true\:true\:true
NVIC.ICACHE_IRQn=true\:0\:0\:false\:false\:true\:true\:true\:true
NVIC.IWDG_IRQn=true\:0\:0\:false\:false\:true\:true\:true\:true
NVIC.LPTIM1_IRQn=true\:0\:0\:false\:false\:true\:true\:true\:true
NVIC.LPTIM2_IRQn=true\:0\:0\:false\:false\:true\:true\:true\:true
NVIC.LPTIM3_IRQn=true\:0\:0\:false\:false\:true\:true\:true\:true
NVIC.LPTIM4_IRQn=true\:0\:0\:false\:false\:true\:true\:true\:true
NVIC.MemoryManagement_IRQn=true\:0\:0\:false\:false\:true\:false\:false\:false
NVIC.NonMaskableInt_IRQn=true\:0\:0\:false\:false\:true\:false\:false\:false
NVIC.PKA_IRQn=true\:0\:0\:false\:false\:true\:true\:true\:true
NVIC.PendSV_IRQn=true\:0\:0\:false\:false\:true\:false\:false\:false
NVIC.PriorityGroup=NVIC_PRIORITYGROUP_4
NVIC.RNG_IRQn=true\:0\:0\:false\:false\:true\:true\:true\:true
NVIC.RTC_IRQn=true\:0\:0\:false\:false\:true\:true\:true\:true
NVIC.SPI1_IRQn=true\:0\:0\:false\:false\:true\:true\:true\:true
NVIC.SVCall_IRQn=true\:0\:0\:false\:false\:true\:false\:false\:false
NVIC.SysTick_IRQn=true\:15\:0\:false\:false\:true\:false\:true\:false
NVIC.TIM15_IRQn=true\:0\:0\:false\:false\:true\:true\:true\:true
NVIC.TIM3_IRQn=true\:0\:0\:true\:false\:true\:true\:true\:true
NVIC.TIM4_IRQn=true\:0\:0\:false\:false\:true\:true\:true\:true
NVIC.TIM5_IRQn=true\:0\:0\:false\:false\:true\:true\:true\:true
NVIC.TIM6_IRQn=true\:0\:0\:false\:false\:true\:true\:true\:true
NVIC.USART1_IRQn=true\:0\:0\:false\:false\:true\:true\:true\:true
NVIC.UsageFault_IRQn=true\:0\:0\:false\:false\:true\:false\:false\:false
PA0.GPIOParameters=GPIO_Label
PA0.GPIO_Label=BATT.MON1
PA0.Locked=true
PA0.Signal=SharedAnalog_PA0
PA1.GPIOParameters=GPIO_Label
PA1.GPIO_Label=BATT.MON2
PA1.Locked=true
PA1.Signal=SharedAnalog_PA1
PA10.GPIOParameters=GPIO_Label
PA10.GPIO_Label=DEBUG_UART_RX
PA10.Locked=true
PA10.Mode=Asynchronous
PA10.Signal=USART1_RX
PA11.GPIOParameters=GPIO_Speed,PinState,GPIO_PuPd,GPIO_Label
PA11.GPIO_Label=BLE_PWRn
PA11.GPIO_PuPd=GPIO_NOPULL
PA11.GPIO_Speed=GPIO_SPEED_FREQ_VERY_HIGH
PA11.Locked=true
PA11.PinState=GPIO_PIN_SET
PA11.Signal=GPIO_Output
PA12.GPIOParameters=GPIO_Label
PA12.GPIO_Label=IPG_SHDN
PA12.Locked=true
PA12.Signal=GPIO_Output
PA13\ (JTMS/SWDIO).GPIOParameters=GPIO_Label
PA13\ (JTMS/SWDIO).GPIO_Label=SWDIO
PA13\ (JTMS/SWDIO).Mode=Trace_Asynchronous_SW
PA13\ (JTMS/SWDIO).Signal=DEBUG_JTMS-SWDIO
PA14\ (JTCK/SWCLK).GPIOParameters=GPIO_Label
PA14\ (JTCK/SWCLK).GPIO_Label=SWCLK
PA14\ (JTCK/SWCLK).Mode=Trace_Asynchronous_SW
PA14\ (JTCK/SWCLK).Signal=DEBUG_JTCK-SWCLK
PA15\ (JTDI).GPIOParameters=PinState,GPIO_PuPd,GPIO_Label
PA15\ (JTDI).GPIO_Label=BATT.SW_EN 
PA15\ (JTDI).GPIO_PuPd=GPIO_PULLUP
PA15\ (JTDI).Locked=true
PA15\ (JTDI).PinState=GPIO_PIN_SET
PA15\ (JTDI).Signal=GPIO_Output
PA2.GPIOParameters=GPIO_Label
PA2.GPIO_Label=BATT.MON_EN
PA2.Locked=true
PA2.Signal=GPIO_Output
PA3.GPIOParameters=GPIO_Label,GPIO_ModeDefaultEXTI
PA3.GPIO_Label=MAG_DET
PA3.GPIO_ModeDefaultEXTI=GPIO_MODE_IT_RISING_FALLING
PA3.Locked=true
PA3.Signal=GPXTI3
PA4.GPIOParameters=GPIO_Label
PA4.GPIO_Label=SPI1.FRAM_CSn
PA4.Locked=true
PA4.Signal=GPIO_Output
PA5.GPIOParameters=GPIO_Label
PA5.GPIO_Label=SPI1.SCK
PA5.Locked=true
PA5.Mode=Full_Duplex_Master
PA5.Signal=SPI1_SCK
PA6.GPIOParameters=GPIO_Label
PA6.GPIO_Label=SPI1.MISO 
PA6.Locked=true
PA6.Mode=Full_Duplex_Master
PA6.Signal=SPI1_MISO
PA7.GPIOParameters=GPIO_Label
PA7.GPIO_Label=SPI1.MOSI
PA7.Locked=true
PA7.Mode=Full_Duplex_Master
PA7.Signal=SPI1_MOSI
PA8.GPIOParameters=GPIO_Speed,GPIO_PuPd,GPIO_Label
PA8.GPIO_Label=FRAM_EN
PA8.GPIO_PuPd=GPIO_PULLUP
PA8.GPIO_Speed=GPIO_SPEED_FREQ_VERY_HIGH
PA8.Locked=true
PA8.Signal=GPIO_Output
PA9.GPIOParameters=GPIO_Label
PA9.GPIO_Label=DEBUG_UART_TX
PA9.Locked=true
PA9.Mode=Asynchronous
PA9.Signal=USART1_TX
PB0.GPIOParameters=GPIO_Label
PB0.GPIO_Label=ECG.HR_OUT
PB0.Locked=true
PB0.Signal=SharedAnalog_PB0
PB1.GPIOParameters=GPIO_Label
PB1.GPIO_Label=ECG.RR_OUT
PB1.Locked=true
PB1.Signal=SharedAnalog_PB1
PB10.GPIOParameters=GPIO_Label
PB10.GPIO_Label=VDDA_EN
PB10.Locked=true
PB10.Signal=GPIO_Output
PB11.GPIOParameters=GPIO_Label
PB11.GPIO_Label=HVSW_EN
PB11.Locked=true
PB11.Signal=GPIO_Output
PB12.GPIOParameters=GPIO_Label
PB12.GPIO_Label=HV_EN
PB12.Locked=true
PB12.Signal=GPIO_Output
PB13.GPIOParameters=GPIO_Speed,GPIO_Label,GPIO_Pu
PB13.GPIO_Label=I2C2.SCL
PB13.GPIO_Pu=GPIO_PULLUP
PB13.GPIO_Speed=GPIO_SPEED_FREQ_LOW
PB13.Locked=true
PB13.Mode=I2C
PB13.Signal=I2C2_SCL
PB14.GPIOParameters=GPIO_Speed,GPIO_Label,GPIO_Pu
PB14.GPIO_Label=I2C2.SDA
PB14.GPIO_Pu=GPIO_PULLUP
PB14.GPIO_Speed=GPIO_SPEED_FREQ_LOW
PB14.Locked=true
PB14.Mode=I2C
PB14.Signal=I2C2_SDA
PB15.GPIOParameters=GPIO_Label
PB15.GPIO_Label=VPPSW_EN
PB15.Locked=true
PB15.Signal=GPIO_Output
PB2.GPIOParameters=GPIO_Label
PB2.GPIO_Label=ENG1.OUT
PB2.Locked=true
PB2.Signal=SharedAnalog_PB2
PB3\ (JTDO/TRACESWO).GPIOParameters=GPIO_Label
PB3\ (JTDO/TRACESWO).GPIO_Label=SWO
PB3\ (JTDO/TRACESWO).Locked=true
PB3\ (JTDO/TRACESWO).Mode=Trace_Asynchronous_SW
PB3\ (JTDO/TRACESWO).Signal=DEBUG_JTDO-SWO
PB4\ (NJTRST).GPIOParameters=GPIO_Label
PB4\ (NJTRST).GPIO_Label=ECG.RLD
PB4\ (NJTRST).Locked=true
PB4\ (NJTRST).Signal=GPIO_Output
PB5.GPIOParameters=GPIO_Label
PB5.GPIO_Label=ECG.HR_SDNn
PB5.Locked=true
PB5.Signal=GPIO_Output
PB6.GPIOParameters=GPIO_PuPd,GPIO_Label
PB6.GPIO_Label=ENG1.LOD
PB6.GPIO_PuPd=GPIO_PULLUP
PB6.Locked=true
PB6.Signal=GPIO_Input
PB8.GPIOParameters=GPIO_Label
PB8.GPIO_Label=ENG1.SDNn
PB8.Locked=true
PB8.Signal=GPIO_Output
PB9.GPIOParameters=GPIO_Label
PB9.GPIO_Label=VDDS_EN
PB9.Locked=true
PB9.Signal=GPIO_Output
PC0.GPIOParameters=GPIO_Label
PC0.GPIO_Label=THERM.OFST
PC0.Locked=true
PC0.Signal=SharedAnalog_PC0
PC1.GPIOParameters=GPIO_Label
PC1.GPIO_Label=THERM.OUT
PC1.Locked=true
PC1.Signal=SharedAnalog_PC1
PC10.GPIOParameters=GPIO_Label
PC10.GPIO_Label=VRECT.MON_EN
PC10.Locked=true
PC10.Signal=GPIO_Output
PC11.GPIOParameters=GPIO_PuPd,GPIO_Label
PC11.GPIO_Label=ECG.RR_LOD
PC11.GPIO_PuPd=GPIO_PULLUP
PC11.Locked=true
PC11.Signal=GPIO_Input
PC12.GPIOParameters=GPIO_Label
PC12.GPIO_Label=ECG.RR_SDNn
PC12.Locked=true
PC12.Signal=GPIO_Output
PC13.GPIOParameters=GPIO_PuPd,GPIO_Label
PC13.GPIO_Label=ECG.HR_LOD
PC13.GPIO_PuPd=GPIO_PULLUP
PC13.Locked=true
PC13.Signal=GPIO_Input
PC14-OSC32_IN\ (PC14).Mode=LSE-External-Oscillator
PC14-OSC32_IN\ (PC14).Signal=RCC_OSC32_IN
PC15-OSC32_OUT\ (PC15).Mode=LSE-External-Oscillator
PC15-OSC32_OUT\ (PC15).Signal=RCC_OSC32_OUT
PC2.GPIOParameters=GPIO_Label
PC2.GPIO_Label=THERM.REF
PC2.Locked=true
PC2.Signal=SharedAnalog_PC2
PC4.GPIOParameters=GPIO_Label
PC4.GPIO_Label=VRECT.MON
PC4.Locked=true
PC4.Signal=SharedAnalog_PC4
PC5.GPIOParameters=GPIO_Label
PC5.GPIO_Label=TEMP_EN
PC5.Locked=true
PC5.Signal=GPIO_Output
PC6.GPIOParameters=GPIO_PuPd,GPIO_Label
PC6.GPIO_Label=VRECT.OVPn
PC6.GPIO_PuPd=GPIO_PULLUP
PC6.Locked=true
PC6.Signal=GPIO_Input
PC7.GPIOParameters=GPIO_PuPd,GPIO_Label
PC7.GPIO_Label=VRECT.DETn
PC7.GPIO_PuPd=GPIO_PULLUP
PC7.Locked=true
PC7.Signal=GPIO_Input
PC8.GPIOParameters=GPIO_Label
PC8.GPIO_Label=VCHG_DISABLE
PC8.Locked=true
PC8.Signal=GPIO_Output
PC9.GPIOParameters=GPIO_Label
PC9.GPIO_Label=VCHG_PGOOD
PC9.Locked=true
PC9.Signal=GPIO_Input
PD0.GPIOParameters=GPIO_Speed,GPIO_PuPd,GPIO_Label
PD0.GPIO_Label=SRC1
PD0.GPIO_PuPd=GPIO_PULLUP
PD0.GPIO_Speed=GPIO_SPEED_FREQ_VERY_HIGH
PD0.Locked=true
PD0.Signal=GPIO_Output
PD1.GPIOParameters=GPIO_Speed,GPIO_PuPd,GPIO_Label
PD1.GPIO_Label=SNK1
PD1.GPIO_PuPd=GPIO_PULLUP
PD1.GPIO_Speed=GPIO_SPEED_FREQ_VERY_HIGH
PD1.Locked=true
PD1.Signal=GPIO_Output
PD10.GPIOParameters=GPIO_Speed,GPIO_PuPd,GPIO_Label
PD10.GPIO_Label=STIM_SEL.CH4n
PD10.GPIO_PuPd=GPIO_PULLUP
PD10.GPIO_Speed=GPIO_SPEED_FREQ_VERY_HIGH
PD10.Locked=true
PD10.Signal=GPIO_Output
PD11.GPIOParameters=GPIO_Speed,GPIO_PuPd,GPIO_Label
PD11.GPIO_Label=STIM_SEL.ENCLn
PD11.GPIO_PuPd=GPIO_PULLUP
PD11.GPIO_Speed=GPIO_SPEED_FREQ_VERY_HIGH
PD11.Locked=true
PD11.Signal=GPIO_Output
PD12.GPIOParameters=GPIO_Speed,GPIO_PuPd,GPIO_Label
PD12.GPIO_Label=STIMA_SELn
PD12.GPIO_PuPd=GPIO_PULLUP
PD12.GPIO_Speed=GPIO_SPEED_FREQ_VERY_HIGH
PD12.Locked=true
PD12.Signal=GPIO_Output
PD13.GPIOParameters=GPIO_Speed,GPIO_PuPd,GPIO_Label
PD13.GPIO_Label=STIMB_SELn
PD13.GPIO_PuPd=GPIO_PULLUP
PD13.GPIO_Speed=GPIO_SPEED_FREQ_VERY_HIGH
PD13.Locked=true
PD13.Signal=GPIO_Output
PD2.GPIOParameters=GPIO_Speed,GPIO_PuPd,GPIO_Label
PD2.GPIO_Label=SRC2
PD2.GPIO_PuPd=GPIO_PULLUP
PD2.GPIO_Speed=GPIO_SPEED_FREQ_VERY_HIGH
PD2.Locked=true
PD2.Signal=GPIO_Output
PD3.GPIOParameters=GPIO_Speed,GPIO_PuPd,GPIO_Label
PD3.GPIO_Label=SNK2
PD3.GPIO_PuPd=GPIO_PULLUP
PD3.GPIO_Speed=GPIO_SPEED_FREQ_VERY_HIGH
PD3.Locked=true
PD3.Signal=GPIO_Output
PD4.GPIOParameters=GPIO_Speed,GPIO_PuPd,GPIO_Label
PD4.GPIO_Label=SNK3
PD4.GPIO_PuPd=GPIO_PULLUP
PD4.GPIO_Speed=GPIO_SPEED_FREQ_VERY_HIGH
PD4.Locked=true
PD4.Signal=GPIO_Output
PD5.GPIOParameters=GPIO_Speed,GPIO_PuPd,GPIO_Label
PD5.GPIO_Label=SNK4
PD5.GPIO_PuPd=GPIO_PULLUP
PD5.GPIO_Speed=GPIO_SPEED_FREQ_VERY_HIGH
PD5.Locked=true
PD5.Signal=GPIO_Output
PD6.GPIOParameters=GPIO_Speed,GPIO_PuPd,GPIO_Label
PD6.GPIO_Label=SNK5
PD6.GPIO_PuPd=GPIO_PULLUP
PD6.GPIO_Speed=GPIO_SPEED_FREQ_VERY_HIGH
PD6.Locked=true
PD6.Signal=GPIO_Output
PD7.GPIOParameters=GPIO_Speed,GPIO_PuPd,GPIO_Label
PD7.GPIO_Label=STIM_SEL.CH1n
PD7.GPIO_PuPd=GPIO_PULLUP
PD7.GPIO_Speed=GPIO_SPEED_FREQ_VERY_HIGH
PD7.Locked=true
PD7.Signal=GPIO_Output
PD8.GPIOParameters=GPIO_Speed,GPIO_PuPd,GPIO_Label
PD8.GPIO_Label=STIM_SEL.CH2n
PD8.GPIO_PuPd=GPIO_PULLUP
PD8.GPIO_Speed=GPIO_SPEED_FREQ_VERY_HIGH
PD8.Locked=true
PD8.Signal=GPIO_Output
PD9.GPIOParameters=GPIO_Speed,GPIO_PuPd,GPIO_Label
PD9.GPIO_Label=STIM_SEL.CH3n
PD9.GPIO_PuPd=GPIO_PULLUP
PD9.GPIO_Speed=GPIO_SPEED_FREQ_VERY_HIGH
PD9.Locked=true
PD9.Signal=GPIO_Output
PE1.GPIOParameters=GPIO_PuPd,GPIO_Label
PE1.GPIO_Label=VNSb_EN
PE1.GPIO_PuPd=GPIO_PULLUP
PE1.Locked=true
PE1.Signal=GPIO_Output
PE10.GPIOParameters=GPIO_Label
PE10.GPIO_Label=CHG1.EN 
PE10.Locked=true
PE10.Signal=GPIO_Output
PE11.GPIOParameters=GPIO_Label
PE11.GPIO_Label=CHG2.EN 
PE11.Locked=true
PE11.Signal=GPIO_Output
PE12.GPIOParameters=GPIO_PuPd,GPIO_Label
PE12.GPIO_Label=CHG1.OVP_ERRn
PE12.GPIO_PuPd=GPIO_PULLUP
PE12.Locked=true
PE12.Signal=GPIO_Input
PE13.GPIOParameters=GPIO_PuPd,GPIO_Label
PE13.GPIO_Label=CHG2.OVP_ERRn
PE13.GPIO_PuPd=GPIO_PULLUP
PE13.Locked=true
PE13.Signal=GPIO_Input
PE14.GPIOParameters=GPIO_PuPd,GPIO_Label
PE14.GPIO_Label=CHG1.STATUS
PE14.GPIO_PuPd=GPIO_PULLUP
PE14.Locked=true
PE14.Signal=GPIO_Input
PE15.GPIOParameters=GPIO_PuPd,GPIO_Label
PE15.GPIO_Label=CHG2.STATUS 
PE15.GPIO_PuPd=GPIO_PULLUP
PE15.Locked=true
PE15.Signal=GPIO_Input
PE2.GPIOParameters=GPIO_PuPd,GPIO_Label
PE2.GPIO_Label=STIM_EN
PE2.GPIO_PuPd=GPIO_PULLUP
PE2.Locked=true
PE2.Signal=GPIO_Output
PE3.GPIOParameters=GPIO_Speed,GPIO_PuPd,GPIO_Label
PE3.GPIO_Label=AMPL_RSTn
PE3.GPIO_PuPd=GPIO_PULLUP
PE3.GPIO_Speed=GPIO_SPEED_FREQ_VERY_HIGH
PE3.Locked=true
PE3.Signal=S_TIM3_CH1
PE4.GPIOParameters=GPIO_PuPd,GPIO_Label
PE4.GPIO_Label=PH2_EN
PE4.GPIO_PuPd=GPIO_NOPULL
PE4.Locked=true
PE4.Signal=GPIO_Output
PE5.GPIOParameters=PinState,GPIO_PuPd,GPIO_Label
PE5.GPIO_Label=PH1_EN
PE5.GPIO_PuPd=GPIO_NOPULL
PE5.Locked=true
PE5.PinState=GPIO_PIN_SET
PE5.Signal=GPIO_Output
PE6.GPIOParameters=PinState,GPIO_PuPd,GPIO_Label
PE6.GPIO_Label=PG_START
PE6.GPIO_PuPd=GPIO_NOPULL
PE6.Locked=true
PE6.PinState=GPIO_PIN_SET
PE6.Signal=GPIO_Output
PE7.GPIOParameters=GPIO_Label
PE7.GPIO_Label=MUX_ENn
PE7.Locked=true
PE7.Signal=GPIO_Output
PE8.GPIOParameters=GPIO_Label
PE8.GPIO_Label=CHG_RATE1
PE8.Locked=true
PE8.Signal=GPIO_Output
PE9.GPIOParameters=GPIO_Label
PE9.GPIO_Label=CHG_RATE2
PE9.Locked=true
PE9.Signal=GPIO_Output
PF0.GPIOParameters=GPIO_Speed,GPIO_PuPd,GPIO_Label
PF0.GPIO_Label=IMP_IN_P_SEL
PF0.GPIO_PuPd=GPIO_PULLUP
PF0.GPIO_Speed=GPIO_SPEED_FREQ_VERY_HIGH
PF0.Locked=true
PF0.Signal=GPIO_Output
PF1.GPIOParameters=GPIO_Speed,GPIO_PuPd,GPIO_Label
PF1.GPIO_Label=IMP_IN_N_SEL0
PF1.GPIO_PuPd=GPIO_PULLUP
PF1.GPIO_Speed=GPIO_SPEED_FREQ_VERY_HIGH
PF1.Locked=true
PF1.Signal=GPIO_Output
PF14.GPIOParameters=GPIO_Label
PF14.GPIO_Label=IMP_OUT_P
PF14.Locked=true
PF14.Signal=SharedAnalog_PF14
PF15.GPIOParameters=GPIO_Label
PF15.GPIO_Label=IMP_OUT_N
PF15.Locked=true
PF15.Signal=SharedAnalog_PF15
PF2.GPIOParameters=GPIO_Speed,GPIO_PuPd,GPIO_Label
PF2.GPIO_Label=IMP_EN
PF2.GPIO_PuPd=GPIO_PULLUP
PF2.GPIO_Speed=GPIO_SPEED_FREQ_LOW
PF2.Locked=true
PF2.Signal=GPIO_Output
PF3.GPIOParameters=GPIO_Speed,GPIO_PuPd,GPIO_Label
PF3.GPIO_Label=IMP_IN_N_SEL1
PF3.GPIO_PuPd=GPIO_PULLUP
PF3.GPIO_Speed=GPIO_SPEED_FREQ_VERY_HIGH
PF3.Locked=true
PF3.Signal=GPIO_Output
PF4.GPIOParameters=GPIO_Speed,GPIO_PuPd,GPIO_Label
PF4.GPIO_Label=IMP_IN_N_SEL2
PF4.GPIO_PuPd=GPIO_PULLUP
PF4.GPIO_Speed=GPIO_SPEED_FREQ_VERY_HIGH
PF4.Locked=true
PF4.Signal=GPIO_Output
PG0.GPIOParameters=GPIO_Label
PG0.GPIO_Label=ENG2.OUT
PG0.Locked=true
PG0.Signal=SharedAnalog_PG0
PG1.GPIOParameters=GPIO_PuPd,GPIO_Label
PG1.GPIO_Label=ENG2.LOD
PG1.GPIO_PuPd=GPIO_PULLUP
PG1.Locked=true
PG1.Signal=GPIO_Input
PG10.GPIOParameters=GPIO_Label
PG10.GPIO_Label=ACC_EN
PG10.Locked=true
PG10.Signal=GPIO_Output
PG12.GPIOParameters=GPIO_PuPd,GPIO_Label
PG12.GPIO_Label=BLE_P.1
PG12.GPIO_PuPd=GPIO_PULLUP
PG12.Locked=true
PG12.Signal=GPIO_Input
PG2.GPIOParameters=GPIO_Label
PG2.GPIO_Label=ENG2.SDNn
PG2.Locked=true
PG2.Signal=GPIO_Output
PG4.GPIOParameters=GPIO_PuPd,GPIO_Label
PG4.GPIO_Label=BLE_P.2
PG4.GPIO_PuPd=GPIO_PULLUP
PG4.Locked=true
PG4.Signal=GPIO_Input
PG5.GPIOParameters=GPIO_Label
PG5.GPIO_Label=SPI1.BLE_CSn
PG5.Locked=true
PG5.Signal=GPIO_Output
PG6.GPIOParameters=GPIO_PuPd,GPIO_Label,GPIO_ModeDefaultOutputPP
PG6.GPIO_Label=BLE_RSTn
PG6.GPIO_ModeDefaultOutputPP=GPIO_MODE_OUTPUT_OD
PG6.GPIO_PuPd=GPIO_NOPULL
PG6.Locked=true
PG6.Signal=GPIO_Output
PG7.GPIOParameters=GPIO_Speed,GPIO_Label
PG7.GPIO_Label=ACC.SCL
PG7.GPIO_Speed=GPIO_SPEED_FREQ_VERY_HIGH
PG7.Locked=true
PG7.Mode=I2C
PG7.Signal=I2C3_SCL
PG8.GPIOParameters=GPIO_Speed,GPIO_Label
PG8.GPIO_Label=ACC.SDA
PG8.GPIO_Speed=GPIO_SPEED_FREQ_VERY_HIGH
PG8.Locked=true
PG8.Mode=I2C
PG8.Signal=I2C3_SDA
PG9.GPIOParameters=PinState,GPIO_Label
PG9.GPIO_Label=CB_EN
PG9.Locked=true
PG9.PinState=GPIO_PIN_SET
PG9.Signal=GPIO_Output
PH0-OSC_IN\ (PH0).Mode=HSE-External-Oscillator
PH0-OSC_IN\ (PH0).Signal=RCC_OSC_IN
PH1-OSC_OUT\ (PH1).Mode=HSE-External-Oscillator
PH1-OSC_OUT\ (PH1).Signal=RCC_OSC_OUT
PWR.IPParameters=pwrPrivilege,PowerMode
PWR.PowerMode=PWR_SMPS_SUPPLY
PWR.pwrPrivilege=PWR_PRIVILEGE_NO
PinOutPanel.CurrentBGAView=Top
PinOutPanel.RotationAngle=0
ProjectManager.AskForMigrate=true
ProjectManager.BackupPrevious=false
ProjectManager.CompilerOptimize=6
ProjectManager.ComputerToolchain=false
ProjectManager.CoupleFile=true
ProjectManager.CustomerFirmwarePackage=
ProjectManager.DefaultFWLocation=true
ProjectManager.DeletePrevious=true
ProjectManager.DeviceId=STM32U585QIIxQ
ProjectManager.FirmwarePackage=STM32Cube FW_U5 V1.7.0
ProjectManager.FreePins=true
ProjectManager.HalAssertFull=false
ProjectManager.HeapSize=0x200
ProjectManager.KeepUserCode=true
ProjectManager.LPBAM.generateCode=
ProjectManager.LastFirmware=true
ProjectManager.LibraryCopy=1
ProjectManager.MainLocation=Core/Src
ProjectManager.NoMain=false
ProjectManager.PreviousToolchain=
ProjectManager.ProjectBuild=false
ProjectManager.ProjectFileName=FW-NIH-MCU-H2.ioc
ProjectManager.ProjectName=FW-NIH-MCU-H2
ProjectManager.ProjectStructure=
ProjectManager.RegisterCallBack=
ProjectManager.StackSize=0x400
ProjectManager.TargetToolchain=STM32CubeIDE
ProjectManager.ToolChainLocation=
ProjectManager.UAScriptAfterPath=
ProjectManager.UAScriptBeforePath=
ProjectManager.UnderRoot=true
ProjectManager.functionlistsort=1-SystemClock_Config-RCC-false-HAL-false,2-MX_GPIO_Init-GPIO-false-HAL-true,3-MX_GPDMA1_Init-GPDMA1-false-HAL-true,4-MX_USART1_UART_Init-USART1-false-HAL-true,5-MX_ADC1_Init-ADC1-false-HAL-true,6-MX_ADC4_Init-ADC4-false-HAL-true,7-MX_I2C2_Init-I2C2-false-HAL-true,8-MX_I2C3_Init-I2C3-false-HAL-true,9-MX_SPI1_Init-SPI1-false-HAL-true,10-MX_CRC_Init-CRC-false-HAL-true,11-MX_HASH_Init-HASH-false-HAL-true,12-MX_LPTIM1_Init-LPTIM1-false-HAL-true,13-MX_LPTIM2_Init-LPTIM2-false-HAL-true,14-MX_LPTIM3_Init-LPTIM3-false-HAL-true,15-MX_RNG_Init-RNG-false-HAL-true,16-MX_PKA_Init-PKA-false-HAL-true,17-MX_RTC_Init-RTC-false-HAL-true,18-MX_TIM3_Init-TIM3-false-HAL-true,19-MX_TIM6_Init-TIM6-false-HAL-true,20-MX_TIM15_Init-TIM15-false-HAL-true,21-MX_ICACHE_Init-ICACHE-false-HAL-true,22-MX_IWDG_Init-IWDG-false-HAL-true,23-MX_LPTIM4_Init-LPTIM4-false-HAL-true,24-MX_TIM4_Init-TIM4-false-HAL-true,25-MX_TIM5_Init-TIM5-false-HAL-true,0-MX_CORTEX_M33_NS_Init-CORTEX_M33_NS-false-HAL-true,0-MX_PWR_Init-PWR-false-HAL-true,0-MX_VREFBUF_Init-VREFBUF-false-HAL-true
RCC.ADCCLockSelection=RCC_ADCDACCLKSOURCE_PLL2
RCC.ADCFreq_Value=10000000
RCC.ADF1Freq_Value=160000000
RCC.AHBFreq_Value=160000000
RCC.APB1Freq_Value=160000000
RCC.APB1TimFreq_Value=160000000
RCC.APB2Freq_Value=160000000
RCC.APB2TimFreq_Value=160000000
RCC.APB3Freq_Value=160000000
RCC.CK48Freq_Value=48000000
RCC.CRSFreq_Value=48000000
RCC.CortexFreq_Value=160000000
RCC.DACFreq_Value=32000
RCC.EPOD_VALUE=48000000
RCC.FCLKCortexFreq_Value=160000000
RCC.FDCANFreq_Value=160000000
RCC.FamilyName=M
RCC.HCLKFreq_Value=160000000
RCC.HSE_VALUE=48000000
RCC.HSI48_VALUE=48000000
RCC.HSI_VALUE=16000000
RCC.I2C1Freq_Value=160000000
RCC.I2C2Freq_Value=160000000
RCC.I2C3Freq_Value=160000000
RCC.I2C4Freq_Value=160000000
RCC.IPParameters=ADCCLockSelection,ADCFreq_Value,ADF1Freq_Value,AHBFreq_Value,APB1Freq_Value,APB1TimFreq_Value,APB2Freq_Value,APB2TimFreq_Value,APB3Freq_Value,CK48Freq_Value,CRSFreq_Value,CortexFreq_Value,DACFreq_Value,EPOD_VALUE,FCLKCortexFreq_Value,FDCANFreq_Value,FamilyName,HCLKFreq_Value,HSE_VALUE,HSI48_VALUE,HSI_VALUE,I2C1Freq_Value,I2C2Freq_Value,I2C3Freq_Value,I2C4Freq_Value,LPTIM1CLockSelectionVirtual,LPTIM1Freq_Value,LPTIM2CLockSelectionVirtual,LPTIM2Freq_Value,LPTIM3CLockSelectionVirtual,LPTIM3Freq_Value,LPUART1Freq_Value,LSCOPinFreq_Value,LSIDIV_VALUE,LSI_VALUE,MCO1PinFreq_Value,MDF1Freq_Value,MSI_VALUE,OCTOSPIMFreq_Value,PLL2M,PLL2N,PLL2PoutputFreq_Value,PLL2QoutputFreq_Value,PLL2R,PLL2RoutputFreq_Value,PLL2Source,PLL3PoutputFreq_Value,PLL3QoutputFreq_Value,PLL3RoutputFreq_Value,PLLM,PLLN,PLLPoutputFreq_Value,PLLQoutputFreq_Value,PLLRCLKFreq_Value,PLLSourceVirtual,RNGFreq_Value,RTCClockSelection,RTCFreq_Value,SAESFreq_Value,SAI1Freq_Value,SAI2Freq_Value,SDMMCFreq_Value,SPI1Freq_Value,SPI2Freq_Value,SPI3Freq_Value,SYSCLKFreq_VALUE,SYSCLKSource,UART4Freq_Value,UART5Freq_Value,USART1Freq_Value,USART2Freq_Value,USART3Freq_Value,USBFreq_Value,VCOInput2Freq_Value,VCOInput3Freq_Value,VCOInputFreq_Value,VCOOutputFreq_Value,VCOPLL2OutputFreq_Value,VCOPLL3OutputFreq_Value
RCC.LPTIM1CLockSelectionVirtual=RCC_LPTIM1CLKSOURCE_LSE
RCC.LPTIM1Freq_Value=32768
RCC.LPTIM2CLockSelectionVirtual=RCC_LPTIM2CLKSOURCE_LSE
RCC.LPTIM2Freq_Value=32768
RCC.LPTIM3CLockSelectionVirtual=RCC_LPTIM34CLKSOURCE_LSE
RCC.LPTIM3Freq_Value=32768
RCC.LPUART1Freq_Value=160000000
RCC.LSCOPinFreq_Value=32000
RCC.LSIDIV_VALUE=32000
RCC.LSI_VALUE=32000
RCC.MCO1PinFreq_Value=160000000
RCC.MDF1Freq_Value=160000000
RCC.MSI_VALUE=4000000
RCC.OCTOSPIMFreq_Value=160000000
RCC.PLL2M=12
RCC.PLL2N=40
RCC.PLL2PoutputFreq_Value=80000000
RCC.PLL2QoutputFreq_Value=80000000
RCC.PLL2R=16
RCC.PLL2RoutputFreq_Value=10000000
RCC.PLL2Source=RCC_PLLSOURCE_HSE
RCC.PLL3PoutputFreq_Value=258000000
RCC.PLL3QoutputFreq_Value=258000000
RCC.PLL3RoutputFreq_Value=258000000
RCC.PLLM=3
RCC.PLLN=20
RCC.PLLPoutputFreq_Value=160000000
RCC.PLLQoutputFreq_Value=160000000
RCC.PLLRCLKFreq_Value=160000000
RCC.PLLSourceVirtual=RCC_PLLSOURCE_HSE
RCC.RNGFreq_Value=48000000
RCC.RTCClockSelection=RCC_RTCCLKSOURCE_LSE
RCC.RTCFreq_Value=32768
RCC.SAESFreq_Value=48000000
RCC.SAI1Freq_Value=80000000
RCC.SAI2Freq_Value=80000000
RCC.SDMMCFreq_Value=160000000
RCC.SPI1Freq_Value=160000000
RCC.SPI2Freq_Value=160000000
RCC.SPI3Freq_Value=160000000
RCC.SYSCLKFreq_VALUE=160000000
RCC.SYSCLKSource=RCC_SYSCLKSOURCE_PLLCLK
RCC.UART4Freq_Value=160000000
RCC.UART5Freq_Value=160000000
RCC.USART1Freq_Value=160000000
RCC.USART2Freq_Value=160000000
RCC.USART3Freq_Value=160000000
RCC.USBFreq_Value=48000000
RCC.VCOInput2Freq_Value=4000000
RCC.VCOInput3Freq_Value=4000000
RCC.VCOInputFreq_Value=16000000
RCC.VCOOutputFreq_Value=320000000
RCC.VCOPLL2OutputFreq_Value=160000000
RCC.VCOPLL3OutputFreq_Value=516000000
RTC.IPParameters=Year,WeekDay,WakeUpClock-WakeUp,WakeUpCounter-WakeUp,WakeUpAutoClr
RTC.WakeUpAutoClr=0
RTC.WakeUpClock-WakeUp=RTC_WAKEUPCLOCK_CK_SPRE_16BITS
RTC.WakeUpCounter-WakeUp=60-1
RTC.WeekDay=RTC_WEEKDAY_SUNDAY
RTC.Year=23
SH.GPXTI3.0=GPIO_EXTI3
SH.GPXTI3.ConfNb=1
SH.S_TIM3_CH1.0=TIM3_CH1,PWM Generation1 CH1
SH.S_TIM3_CH1.ConfNb=1
SH.SharedAnalog_PA0.0=GPIO_Analog
SH.SharedAnalog_PA0.1=ADC1_IN5
SH.SharedAnalog_PA0.ConfNb=2
SH.SharedAnalog_PA1.0=GPIO_Analog
SH.SharedAnalog_PA1.1=ADC1_IN6
SH.SharedAnalog_PA1.ConfNb=2
SH.SharedAnalog_PB0.0=GPIO_Analog
SH.SharedAnalog_PB0.1=ADC1_IN15
SH.SharedAnalog_PB0.ConfNb=2
SH.SharedAnalog_PB1.0=GPIO_Analog
SH.SharedAnalog_PB1.1=ADC1_IN16
SH.SharedAnalog_PB1.ConfNb=2
SH.SharedAnalog_PB2.0=GPIO_Analog
SH.SharedAnalog_PB2.1=ADC1_IN17
SH.SharedAnalog_PB2.ConfNb=2
SH.SharedAnalog_PC0.0=GPIO_Analog
SH.SharedAnalog_PC0.1=ADC4_IN1
SH.SharedAnalog_PC0.ConfNb=2
SH.SharedAnalog_PC1.0=GPIO_Analog
SH.SharedAnalog_PC1.1=ADC4_IN2
SH.SharedAnalog_PC1.ConfNb=2
SH.SharedAnalog_PC2.0=GPIO_Analog
SH.SharedAnalog_PC2.1=ADC4_IN3
SH.SharedAnalog_PC2.ConfNb=2
SH.SharedAnalog_PC4.0=GPIO_Analog
SH.SharedAnalog_PC4.1=ADC4_IN22
SH.SharedAnalog_PC4.ConfNb=2
SH.SharedAnalog_PF14.0=GPIO_Analog
SH.SharedAnalog_PF14.1=ADC4_IN5
SH.SharedAnalog_PF14.ConfNb=2
SH.SharedAnalog_PF15.0=GPIO_Analog
SH.SharedAnalog_PF15.1=ADC4_IN6
SH.SharedAnalog_PF15.ConfNb=2
SH.SharedAnalog_PG0.0=GPIO_Analog
SH.SharedAnalog_PG0.1=ADC4_IN7
SH.SharedAnalog_PG0.ConfNb=2
SPI1.BaudRatePrescaler=SPI_BAUDRATEPRESCALER_32
SPI1.CalculateBaudRate=5.0 MBits/s
SPI1.DataSize=SPI_DATASIZE_8BIT
SPI1.Direction=SPI_DIRECTION_2LINES
SPI1.IPParameters=VirtualType,Mode,Direction,CalculateBaudRate,DataSize,BaudRatePrescaler
SPI1.Mode=SPI_MODE_MASTER
SPI1.VirtualType=VM_MASTER
TIM15.IPParameters=Prescaler,PeriodNoDither,TIM_MasterOutputTrigger
TIM15.PeriodNoDither=1000-1
TIM15.Prescaler=16-1
TIM15.TIM_MasterOutputTrigger=TIM_TRGO_UPDATE
TIM3.Channel-Output\ Compare2\ No\ Output=TIM_CHANNEL_2
TIM3.Channel-PWM\ Generation1\ CH1=TIM_CHANNEL_1
TIM3.IPParameters=Prescaler,PeriodNoDither,PulseNoDither_1,OC1Preload_PWM,Channel-PWM Generation1 CH1,Channel-Output Compare2 No Output,OCMode_2,PulseNoDither_2,OC2Preload
TIM3.OC1Preload_PWM=ENABLE
TIM3.OC2Preload=ENABLE
TIM3.OCMode_2=TIM_OCMODE_TOGGLE
TIM3.PeriodNoDither=1000-1
TIM3.Prescaler=160-1
TIM3.PulseNoDither_1=100-1
TIM3.PulseNoDither_2=1
TIM4.Channel-Output\ Compare2\ No\ Output=TIM_CHANNEL_2
TIM4.Channel-PWM\ Generation1\ No\ Output=TIM_CHANNEL_1
TIM4.IPParameters=Prescaler,PeriodNoDither,PulseNoDither_1,Channel-Output Compare2 No Output,OCMode_2,PulseNoDither_2,Channel-PWM Generation1 No Output,OC1Preload_PWM,OC2Preload
TIM4.OC1Preload_PWM=ENABLE
TIM4.OC2Preload=DISABLE
TIM4.OCMode_2=TIM_OCMODE_TOGGLE
TIM4.PeriodNoDither=1000-1
TIM4.Prescaler=160-1
TIM4.PulseNoDither_1=100-1
TIM4.PulseNoDither_2=1
TIM5.Channel-Output\ Compare2\ No\ Output=TIM_CHANNEL_2
TIM5.Channel-PWM\ Generation1\ No\ Output=TIM_CHANNEL_1
TIM5.IPParameters=Channel-PWM Generation1 No Output,Prescaler,PeriodNoDither,PulseNoDither_1,OC1Preload_PWM,Channel-Output Compare2 No Output,OCMode_2,PulseNoDither_2,OC2Preload
TIM5.OC1Preload_PWM=ENABLE
TIM5.OC2Preload=ENABLE
TIM5.OCMode_2=TIM_OCMODE_TOGGLE
TIM5.PeriodNoDither=1000-1
TIM5.Prescaler=160-1
TIM5.PulseNoDither_1=100-1
TIM5.PulseNoDither_2=1
TIM6.IPParameters=Prescaler,PeriodNoDither,TIM_MasterOutputTrigger
TIM6.PeriodNoDither=1000-1
TIM6.Prescaler=16-1
TIM6.TIM_MasterOutputTrigger=TIM_TRGO_UPDATE
USART1.IPParameters=VirtualMode-Asynchronous
USART1.VirtualMode-Asynchronous=VM_ASYNC
VP_ADC1_Vref_Input.Mode=IN-Vrefint
VP_ADC1_Vref_Input.Signal=ADC1_Vref_Input
VP_ADC4_Vref_Input.Mode=IN-Vrefint
VP_ADC4_Vref_Input.Signal=ADC4_Vref_Input
VP_CRC_VS_CRC.Mode=CRC_Activate
VP_CRC_VS_CRC.Signal=CRC_VS_CRC
VP_GPDMA1_VS_GPDMACH0.Mode=SIMPLEREQUEST_GPDMACH0
VP_GPDMA1_VS_GPDMACH0.Signal=GPDMA1_VS_GPDMACH0
VP_GPDMA1_VS_GPDMACH1.Mode=SIMPLEREQUEST_GPDMACH1
VP_GPDMA1_VS_GPDMACH1.Signal=GPDMA1_VS_GPDMACH1
VP_HASH_VS_HASH.Mode=HASH_Activate
VP_HASH_VS_HASH.Signal=HASH_VS_HASH
VP_ICACHE_VS_ICACHE.Mode=DefaultMode
VP_ICACHE_VS_ICACHE.Signal=ICACHE_VS_ICACHE
VP_IWDG_VS_IWDG.Mode=IWDG_Activate
VP_IWDG_VS_IWDG.Signal=IWDG_VS_IWDG
VP_LPBAMQUEUE_VS_QUEUE.Mode=QUEUEMODE
VP_LPBAMQUEUE_VS_QUEUE.Signal=LPBAMQUEUE_VS_QUEUE
VP_LPBAM_VS_SIG1.Mode=SmartRun
VP_LPBAM_VS_SIG1.Signal=LPBAM_VS_SIG1
VP_LPBAM_VS_SIG4.Mode=LPDMA1
VP_LPBAM_VS_SIG4.Signal=LPBAM_VS_SIG4
VP_LPTIM1_VS_LPTIM_counterModeInternalClock.Mode=Counts__internal_clock_event_00
VP_LPTIM1_VS_LPTIM_counterModeInternalClock.Signal=LPTIM1_VS_LPTIM_counterModeInternalClock
VP_LPTIM2_VS_LPTIM_counterModeInternalClock.Mode=Counts__internal_clock_event_00
VP_LPTIM2_VS_LPTIM_counterModeInternalClock.Signal=LPTIM2_VS_LPTIM_counterModeInternalClock
VP_LPTIM3_VS_LPTIM_counterModeInternalClock.Mode=Counts__internal_clock_event_00
VP_LPTIM3_VS_LPTIM_counterModeInternalClock.Signal=LPTIM3_VS_LPTIM_counterModeInternalClock
VP_LPTIM4_VS_LPTIM_counterModeInternalClock.Mode=Counts__internal_clock_event_00
VP_LPTIM4_VS_LPTIM_counterModeInternalClock.Signal=LPTIM4_VS_LPTIM_counterModeInternalClock
VP_MEMORYMAP_VS_MEMORYMAP.Mode=CurAppReg
VP_MEMORYMAP_VS_MEMORYMAP.Signal=MEMORYMAP_VS_MEMORYMAP
VP_PKA_VS_PKA.Mode=PKA_Activate
VP_PKA_VS_PKA.Signal=PKA_VS_PKA
VP_PWR_VS_DBSignals.Mode=DisableDeadBatterySignals
VP_PWR_VS_DBSignals.Signal=PWR_VS_DBSignals
VP_PWR_VS_LPOM.Mode=PowerOptimisation
VP_PWR_VS_LPOM.Signal=PWR_VS_LPOM
VP_PWR_VS_SECSignals.Mode=Security/Privilege
VP_PWR_VS_SECSignals.Signal=PWR_VS_SECSignals
VP_PWR_Vdda.Mode=isolationVdda
VP_PWR_Vdda.Signal=PWR_Vdda
VP_RNG_VS_RNG.Mode=RNG_Activate
VP_RNG_VS_RNG.Signal=RNG_VS_RNG
VP_RTC_VS_RTC_Activate.Mode=RTC_Enabled
VP_RTC_VS_RTC_Activate.Signal=RTC_VS_RTC_Activate
VP_RTC_VS_RTC_Calendar.Mode=RTC_Calendar
VP_RTC_VS_RTC_Calendar.Signal=RTC_VS_RTC_Calendar
VP_RTC_VS_RTC_WakeUp_intern.Mode=WakeUp
VP_RTC_VS_RTC_WakeUp_intern.Signal=RTC_VS_RTC_WakeUp_intern
VP_SYS_VS_Systick.Mode=SysTick
VP_SYS_VS_Systick.Signal=SYS_VS_Systick
VP_TIM15_VS_ClockSourceINT.Mode=Internal
VP_TIM15_VS_ClockSourceINT.Signal=TIM15_VS_ClockSourceINT
VP_TIM3_VS_ClockSourceINT.Mode=Internal
VP_TIM3_VS_ClockSourceINT.Signal=TIM3_VS_ClockSourceINT
VP_TIM3_VS_no_output2.Mode=Output Compare2 No Output
VP_TIM3_VS_no_output2.Signal=TIM3_VS_no_output2
VP_TIM4_VS_ClockSourceINT.Mode=Internal
VP_TIM4_VS_ClockSourceINT.Signal=TIM4_VS_ClockSourceINT
VP_TIM4_VS_no_output1.Mode=PWM Generation1 No Output
VP_TIM4_VS_no_output1.Signal=TIM4_VS_no_output1
VP_TIM4_VS_no_output2.Mode=Output Compare2 No Output
VP_TIM4_VS_no_output2.Signal=TIM4_VS_no_output2
VP_TIM5_VS_ClockSourceINT.Mode=Internal
VP_TIM5_VS_ClockSourceINT.Signal=TIM5_VS_ClockSourceINT
VP_TIM5_VS_no_output1.Mode=PWM Generation1 No Output
VP_TIM5_VS_no_output1.Signal=TIM5_VS_no_output1
VP_TIM5_VS_no_output2.Mode=Output Compare2 No Output
VP_TIM5_VS_no_output2.Signal=TIM5_VS_no_output2
VP_TIM6_VS_ClockSourceINT.Mode=Enable_Timer
VP_TIM6_VS_ClockSourceINT.Signal=TIM6_VS_ClockSourceINT
VP_VREFBUF_V_VREFBUF.Mode=HoldMode
VP_VREFBUF_V_VREFBUF.Signal=VREFBUF_V_VREFBUF
VREF+.Signal=VREFBUF_OUT
VREFBUF.IPParameters=VoltageScaling
VREFBUF.VoltageScaling=SYSCFG_VREFBUF_VOLTAGE_SCALE3
board=custom
isbadioc=false
